
Microsoft Visual Studio Solution File, Format Version 12.00
# Visual Studio Version 17
VisualStudioVersion = 17.4.33122.133
MinimumVisualStudioVersion = 10.0.40219.1
Project("{FAE04EC0-301F-11D3-BF4B-00C04F79EFBC}") = "YP", "YP\YP.csproj", "{1EEDB37F-658D-4F20-BDFE-84538F709B02}"
EndProject
Global
	GlobalSection(SolutionConfigurationPlatforms) = preSolution
		Debug|Any CPU = Debug|Any CPU
		Release|Any CPU = Release|Any CPU
	EndGlobalSection
	GlobalSection(ProjectConfigurationPlatforms) = postSolution
		{1EEDB37F-658D-4F20-BDFE-84538F709B02}.Debug|Any CPU.ActiveCfg = Debug|Any CPU
		{1EEDB37F-658D-4F20-BDFE-84538F709B02}.Debug|Any CPU.Build.0 = Debug|Any CPU
		{1EEDB37F-658D-4F20-BDFE-84538F709B02}.Release|Any CPU.ActiveCfg = Release|Any CPU
		{1EEDB37F-658D-4F20-BDFE-84538F709B02}.Release|Any CPU.Build.0 = Release|Any CPU
	EndGlobalSection
	GlobalSection(SolutionProperties) = preSolution
		HideSolutionNode = FALSE
	EndGlobalSection
	GlobalSection(ExtensibilityGlobals) = postSolution
		SolutionGuid = {C174400A-4A9A-4127-9E13-8D552B0B4787}
	EndGlobalSection
EndGlobal
